# @generated - this file is auto-generated by `mise lock` https://mise.jdx.dev/dev-tools/mise-lock.html

[[tools."nix:cruft"]]
version = "latest"
backend = "nix:cruft"

[[tools."nix:deadnix"]]
version = "latest"
backend = "nix:deadnix"

[[tools."nix:gh"]]
version = "latest"
backend = "nix:gh"

[[tools."nix:nixd"]]
version = "latest"
backend = "nix:nixd"
