# @generated - this file is auto-generated by `mise lock` https://mise.jdx.dev/dev-tools/mise-lock.html

[[tools.gh]]
version = "2.98.0"
backend = "aqua:cli/cli"

[tools.gh."platforms.linux-arm64"]
checksum = "sha256:cf689084f3a3618f7eae4a2420d335d74626d65f5e594b9828d125d69f800d86"
url = "https://github.com/cli/cli/releases/download/v2.98.0/gh_2.98.0_linux_arm64.tar.gz"
url_api = "https://api.github.com/repos/cli/cli/releases/assets/522857902"
provenance = "github-attestations"

[tools.gh."platforms.linux-arm64-musl"]
checksum = "sha256:cf689084f3a3618f7eae4a2420d335d74626d65f5e594b9828d125d69f800d86"
url = "https://github.com/cli/cli/releases/download/v2.98.0/gh_2.98.0_linux_arm64.tar.gz"
url_api = "https://api.github.com/repos/cli/cli/releases/assets/522857902"
provenance = "github-attestations"

[tools.gh."platforms.linux-x64"]
checksum = "sha256:3b8ac6b30336802fc1a858d7c084e11cdf24ac1a761ca90b68022d7d729208de"
url = "https://github.com/cli/cli/releases/download/v2.98.0/gh_2.98.0_linux_amd64.tar.gz"
url_api = "https://api.github.com/repos/cli/cli/releases/assets/522857901"
provenance = "github-attestations"

[tools.gh."platforms.linux-x64-musl"]
checksum = "sha256:3b8ac6b30336802fc1a858d7c084e11cdf24ac1a761ca90b68022d7d729208de"
url = "https://github.com/cli/cli/releases/download/v2.98.0/gh_2.98.0_linux_amd64.tar.gz"
url_api = "https://api.github.com/repos/cli/cli/releases/assets/522857901"
provenance = "github-attestations"

[tools.gh."platforms.macos-arm64"]
checksum = "sha256:8cfb027cc5310675f2b830eac8f9865c1155a45ffcf9757f699fdd5a22046ca4"
url = "https://github.com/cli/cli/releases/download/v2.98.0/gh_2.98.0_macOS_arm64.zip"
url_api = "https://api.github.com/repos/cli/cli/releases/assets/522857972"
provenance = "github-attestations"

[tools.gh."platforms.macos-x64"]
checksum = "sha256:734c7bbd0bc56a3974500ee9aea74d60f0e5b89be09e92b9d9148939a3a1e0e6"
url = "https://github.com/cli/cli/releases/download/v2.98.0/gh_2.98.0_macOS_amd64.zip"
url_api = "https://api.github.com/repos/cli/cli/releases/assets/522857971"
provenance = "github-attestations"

[tools.gh."platforms.windows-x64"]
checksum = "sha256:c28c7b3b584967a05b74d9eaf7481bff24ddc34930bf2d6e442c148236561eb1"
url = "https://github.com/cli/cli/releases/download/v2.98.0/gh_2.98.0_windows_amd64.zip"
url_api = "https://api.github.com/repos/cli/cli/releases/assets/522857996"
provenance = "github-attestations"

[[tools.pipx]]
version = "1.17.1"
backend = "aqua:pypa/pipx"

[tools.pipx."platforms.linux-arm64"]
checksum = "sha256:95f35ed56c07ea35d057dafbf5222cfda86a08a2602a2368256e9df3b25cbf1e"
url = "https://github.com/pypa/pipx/releases/download/1.17.1/pipx.pyz"
url_api = "https://api.github.com/repos/pypa/pipx/releases/assets/537002599"

[tools.pipx."platforms.linux-arm64-musl"]
checksum = "sha256:95f35ed56c07ea35d057dafbf5222cfda86a08a2602a2368256e9df3b25cbf1e"
url = "https://github.com/pypa/pipx/releases/download/1.17.1/pipx.pyz"
url_api = "https://api.github.com/repos/pypa/pipx/releases/assets/537002599"

[tools.pipx."platforms.linux-x64"]
checksum = "sha256:95f35ed56c07ea35d057dafbf5222cfda86a08a2602a2368256e9df3b25cbf1e"
url = "https://github.com/pypa/pipx/releases/download/1.17.1/pipx.pyz"
url_api = "https://api.github.com/repos/pypa/pipx/releases/assets/537002599"

[tools.pipx."platforms.linux-x64-musl"]
checksum = "sha256:95f35ed56c07ea35d057dafbf5222cfda86a08a2602a2368256e9df3b25cbf1e"
url = "https://github.com/pypa/pipx/releases/download/1.17.1/pipx.pyz"
url_api = "https://api.github.com/repos/pypa/pipx/releases/assets/537002599"

[tools.pipx."platforms.macos-arm64"]
checksum = "sha256:95f35ed56c07ea35d057dafbf5222cfda86a08a2602a2368256e9df3b25cbf1e"
url = "https://github.com/pypa/pipx/releases/download/1.17.1/pipx.pyz"
url_api = "https://api.github.com/repos/pypa/pipx/releases/assets/537002599"

[tools.pipx."platforms.macos-x64"]
checksum = "sha256:95f35ed56c07ea35d057dafbf5222cfda86a08a2602a2368256e9df3b25cbf1e"
url = "https://github.com/pypa/pipx/releases/download/1.17.1/pipx.pyz"
url_api = "https://api.github.com/repos/pypa/pipx/releases/assets/537002599"

[[tools."pipx:cruft"]]
version = "2.16.0"
backend = "pipx:cruft"
